
Microsoft Visual Studio Solution File, Format Version 12.00
# Visual Studio Version 17
VisualStudioVersion = 17.3.32929.385
MinimumVisualStudioVersion = 10.0.40219.1
Project("{FAE04EC0-301F-11D3-BF4B-00C04F79EFBC}") = "MoodAnalyserDemo_", "MoodAnalyserDemo_\MoodAnalyserDemo_.csproj", "{F02F7288-4B48-47D6-AE9C-FE3EE6E00CC0}"
EndProject
Project("{FAE04EC0-301F-11D3-BF4B-00C04F79EFBC}") = "MoodAnalyserTestProject", "MoodAnalyserTestProject\MoodAnalyserTestProject.csproj", "{8C2A7EFA-3F72-4E15-94C9-5273AF3E15FB}"
EndProject
Global
	GlobalSection(SolutionConfigurationPlatforms) = preSolution
		Debug|Any CPU = Debug|Any CPU
		Release|Any CPU = Release|Any CPU
	EndGlobalSection
	GlobalSection(ProjectConfigurationPlatforms) = postSolution
		{F02F7288-4B48-47D6-AE9C-FE3EE6E00CC0}.Debug|Any CPU.ActiveCfg = Debug|Any CPU
		{F02F7288-4B48-47D6-AE9C-FE3EE6E00CC0}.Debug|Any CPU.Build.0 = Debug|Any CPU
		{F02F7288-4B48-47D6-AE9C-FE3EE6E00CC0}.Release|Any CPU.ActiveCfg = Release|Any CPU
		{F02F7288-4B48-47D6-AE9C-FE3EE6E00CC0}.Release|Any CPU.Build.0 = Release|Any CPU
		{8C2A7EFA-3F72-4E15-94C9-5273AF3E15FB}.Debug|Any CPU.ActiveCfg = Debug|Any CPU
		{8C2A7EFA-3F72-4E15-94C9-5273AF3E15FB}.Debug|Any CPU.Build.0 = Debug|Any CPU
		{8C2A7EFA-3F72-4E15-94C9-5273AF3E15FB}.Release|Any CPU.ActiveCfg = Release|Any CPU
		{8C2A7EFA-3F72-4E15-94C9-5273AF3E15FB}.Release|Any CPU.Build.0 = Release|Any CPU
	EndGlobalSection
	GlobalSection(SolutionProperties) = preSolution
		HideSolutionNode = FALSE
	EndGlobalSection
	GlobalSection(ExtensibilityGlobals) = postSolution
		SolutionGuid = {014BF092-E09A-4682-B286-4CA814F69B16}
	EndGlobalSection
EndGlobal
